
Microsoft Visual Studio Solution File, Format Version 12.00
# Visual Studio 15
VisualStudioVersion = 15.0.26228.4
MinimumVisualStudioVersion = 10.0.40219.1
Project("{D954291E-2A0B-460D-934E-DC6B0785DB48}") = "PocketJudge", "PocketJudge\PocketJudge\PocketJudge.shproj", "{C7B51C04-FC0F-41D9-B19D-697586A06C3A}"
EndProject
Project("{FAE04EC0-301F-11D3-BF4B-00C04F79EFBC}") = "PocketJudge.Android", "PocketJudge\PocketJudge.Android\PocketJudge.Android.csproj", "{4A85B35E-2AF4-4B98-BA3D-A058EE205B8A}"
EndProject
Project("{FAE04EC0-301F-11D3-BF4B-00C04F79EFBC}") = "PocketJudge.iOS", "PocketJudge\PocketJudge.iOS\PocketJudge.iOS.csproj", "{6498A26C-0EB0-44DF-9B29-AE420324715C}"
EndProject
Project("{FAE04EC0-301F-11D3-BF4B-00C04F79EFBC}") = "PocketJudge.UWP", "PocketJudge\PocketJudge.UWP\PocketJudge.UWP.csproj", "{7C516F59-A4AF-45E4-B566-2C6019B30981}"
EndProject
Global
	GlobalSection(SharedMSBuildProjectFiles) = preSolution
		PocketJudge\PocketJudge\PocketJudge.projitems*{4a85b35e-2af4-4b98-ba3d-a058ee205b8a}*SharedItemsImports = 4
		PocketJudge\PocketJudge\PocketJudge.projitems*{6498a26c-0eb0-44df-9b29-ae420324715c}*SharedItemsImports = 4
		PocketJudge\PocketJudge\PocketJudge.projitems*{7c516f59-a4af-45e4-b566-2c6019b30981}*SharedItemsImports = 4
		PocketJudge\PocketJudge\PocketJudge.projitems*{c7b51c04-fc0f-41d9-b19d-697586a06c3a}*SharedItemsImports = 13
	EndGlobalSection
	GlobalSection(SolutionConfigurationPlatforms) = preSolution
		Debug|Any CPU = Debug|Any CPU
		Debug|ARM = Debug|ARM
		Debug|iPhone = Debug|iPhone
		Debug|iPhoneSimulator = Debug|iPhoneSimulator
		Debug|x64 = Debug|x64
		Debug|x86 = Debug|x86
		Release|Any CPU = Release|Any CPU
		Release|ARM = Release|ARM
		Release|iPhone = Release|iPhone
		Release|iPhoneSimulator = Release|iPhoneSimulator
		Release|x64 = Release|x64
		Release|x86 = Release|x86
	EndGlobalSection
	GlobalSection(ProjectConfigurationPlatforms) = postSolution
		{4A85B35E-2AF4-4B98-BA3D-A058EE205B8A}.Debug|Any CPU.ActiveCfg = Debug|Any CPU
		{4A85B35E-2AF4-4B98-BA3D-A058EE205B8A}.Debug|Any CPU.Build.0 = Debug|Any CPU
		{4A85B35E-2AF4-4B98-BA3D-A058EE205B8A}.Debug|Any CPU.Deploy.0 = Debug|Any CPU
		{4A85B35E-2AF4-4B98-BA3D-A058EE205B8A}.Debug|ARM.ActiveCfg = Debug|Any CPU
		{4A85B35E-2AF4-4B98-BA3D-A058EE205B8A}.Debug|ARM.Build.0 = Debug|Any CPU
		{4A85B35E-2AF4-4B98-BA3D-A058EE205B8A}.Debug|ARM.Deploy.0 = Debug|Any CPU
		{4A85B35E-2AF4-4B98-BA3D-A058EE205B8A}.Debug|iPhone.ActiveCfg = Debug|Any CPU
		{4A85B35E-2AF4-4B98-BA3D-A058EE205B8A}.Debug|iPhone.Build.0 = Debug|Any CPU
		{4A85B35E-2AF4-4B98-BA3D-A058EE205B8A}.Debug|iPhone.Deploy.0 = Debug|Any CPU
		{4A85B35E-2AF4-4B98-BA3D-A058EE205B8A}.Debug|iPhoneSimulator.ActiveCfg = Debug|Any CPU
		{4A85B35E-2AF4-4B98-BA3D-A058EE205B8A}.Debug|iPhoneSimulator.Build.0 = Debug|Any CPU
		{4A85B35E-2AF4-4B98-BA3D-A058EE205B8A}.Debug|iPhoneSimulator.Deploy.0 = Debug|Any CPU
		{4A85B35E-2AF4-4B98-BA3D-A058EE205B8A}.Debug|x64.ActiveCfg = Debug|Any CPU
		{4A85B35E-2AF4-4B98-BA3D-A058EE205B8A}.Debug|x64.Build.0 = Debug|Any CPU
		{4A85B35E-2AF4-4B98-BA3D-A058EE205B8A}.Debug|x64.Deploy.0 = Debug|Any CPU
		{4A85B35E-2AF4-4B98-BA3D-A058EE205B8A}.Debug|x86.ActiveCfg = Debug|Any CPU
		{4A85B35E-2AF4-4B98-BA3D-A058EE205B8A}.Debug|x86.Build.0 = Debug|Any CPU
		{4A85B35E-2AF4-4B98-BA3D-A058EE205B8A}.Debug|x86.Deploy.0 = Debug|Any CPU
		{4A85B35E-2AF4-4B98-BA3D-A058EE205B8A}.Release|Any CPU.ActiveCfg = Release|Any CPU
		{4A85B35E-2AF4-4B98-BA3D-A058EE205B8A}.Release|Any CPU.Build.0 = Release|Any CPU
		{4A85B35E-2AF4-4B98-BA3D-A058EE205B8A}.Release|Any CPU.Deploy.0 = Release|Any CPU
		{4A85B35E-2AF4-4B98-BA3D-A058EE205B8A}.Release|ARM.ActiveCfg = Release|Any CPU
		{4A85B35E-2AF4-4B98-BA3D-A058EE205B8A}.Release|ARM.Build.0 = Release|Any CPU
		{4A85B35E-2AF4-4B98-BA3D-A058EE205B8A}.Release|ARM.Deploy.0 = Release|Any CPU
		{4A85B35E-2AF4-4B98-BA3D-A058EE205B8A}.Release|iPhone.ActiveCfg = Release|Any CPU
		{4A85B35E-2AF4-4B98-BA3D-A058EE205B8A}.Release|iPhone.Build.0 = Release|Any CPU
		{4A85B35E-2AF4-4B98-BA3D-A058EE205B8A}.Release|iPhone.Deploy.0 = Release|Any CPU
		{4A85B35E-2AF4-4B98-BA3D-A058EE205B8A}.Release|iPhoneSimulator.ActiveCfg = Release|Any CPU
		{4A85B35E-2AF4-4B98-BA3D-A058EE205B8A}.Release|iPhoneSimulator.Build.0 = Release|Any CPU
		{4A85B35E-2AF4-4B98-BA3D-A058EE205B8A}.Release|iPhoneSimulator.Deploy.0 = Release|Any CPU
		{4A85B35E-2AF4-4B98-BA3D-A058EE205B8A}.Release|x64.ActiveCfg = Release|Any CPU
		{4A85B35E-2AF4-4B98-BA3D-A058EE205B8A}.Release|x64.Build.0 = Release|Any CPU
		{4A85B35E-2AF4-4B98-BA3D-A058EE205B8A}.Release|x64.Deploy.0 = Release|Any CPU
		{4A85B35E-2AF4-4B98-BA3D-A058EE205B8A}.Release|x86.ActiveCfg = Release|Any CPU
		{4A85B35E-2AF4-4B98-BA3D-A058EE205B8A}.Release|x86.Build.0 = Release|Any CPU
		{4A85B35E-2AF4-4B98-BA3D-A058EE205B8A}.Release|x86.Deploy.0 = Release|Any CPU
		{6498A26C-0EB0-44DF-9B29-AE420324715C}.Debug|Any CPU.ActiveCfg = Debug|iPhone
		{6498A26C-0EB0-44DF-9B29-AE420324715C}.Debug|ARM.ActiveCfg = Debug|iPhone
		{6498A26C-0EB0-44DF-9B29-AE420324715C}.Debug|iPhone.ActiveCfg = Debug|iPhone
		{6498A26C-0EB0-44DF-9B29-AE420324715C}.Debug|iPhone.Build.0 = Debug|iPhone
		{6498A26C-0EB0-44DF-9B29-AE420324715C}.Debug|iPhoneSimulator.ActiveCfg = Debug|iPhoneSimulator
		{6498A26C-0EB0-44DF-9B29-AE420324715C}.Debug|iPhoneSimulator.Build.0 = Debug|iPhoneSimulator
		{6498A26C-0EB0-44DF-9B29-AE420324715C}.Debug|x64.ActiveCfg = Debug|iPhone
		{6498A26C-0EB0-44DF-9B29-AE420324715C}.Debug|x86.ActiveCfg = Debug|iPhone
		{6498A26C-0EB0-44DF-9B29-AE420324715C}.Release|Any CPU.ActiveCfg = Release|iPhone
		{6498A26C-0EB0-44DF-9B29-AE420324715C}.Release|ARM.ActiveCfg = Release|iPhone
		{6498A26C-0EB0-44DF-9B29-AE420324715C}.Release|iPhone.ActiveCfg = Release|iPhone
		{6498A26C-0EB0-44DF-9B29-AE420324715C}.Release|iPhone.Build.0 = Release|iPhone
		{6498A26C-0EB0-44DF-9B29-AE420324715C}.Release|iPhoneSimulator.ActiveCfg = Release|iPhoneSimulator
		{6498A26C-0EB0-44DF-9B29-AE420324715C}.Release|iPhoneSimulator.Build.0 = Release|iPhoneSimulator
		{6498A26C-0EB0-44DF-9B29-AE420324715C}.Release|x64.ActiveCfg = Release|iPhone
		{6498A26C-0EB0-44DF-9B29-AE420324715C}.Release|x86.ActiveCfg = Release|iPhone
		{7C516F59-A4AF-45E4-B566-2C6019B30981}.Debug|Any CPU.ActiveCfg = Debug|x86
		{7C516F59-A4AF-45E4-B566-2C6019B30981}.Debug|ARM.ActiveCfg = Debug|ARM
		{7C516F59-A4AF-45E4-B566-2C6019B30981}.Debug|ARM.Build.0 = Debug|ARM
		{7C516F59-A4AF-45E4-B566-2C6019B30981}.Debug|ARM.Deploy.0 = Debug|ARM
		{7C516F59-A4AF-45E4-B566-2C6019B30981}.Debug|iPhone.ActiveCfg = Debug|x86
		{7C516F59-A4AF-45E4-B566-2C6019B30981}.Debug|iPhoneSimulator.ActiveCfg = Debug|x86
		{7C516F59-A4AF-45E4-B566-2C6019B30981}.Debug|x64.ActiveCfg = Debug|x64
		{7C516F59-A4AF-45E4-B566-2C6019B30981}.Debug|x64.Build.0 = Debug|x64
		{7C516F59-A4AF-45E4-B566-2C6019B30981}.Debug|x64.Deploy.0 = Debug|x64
		{7C516F59-A4AF-45E4-B566-2C6019B30981}.Debug|x86.ActiveCfg = Debug|x86
		{7C516F59-A4AF-45E4-B566-2C6019B30981}.Debug|x86.Build.0 = Debug|x86
		{7C516F59-A4AF-45E4-B566-2C6019B30981}.Debug|x86.Deploy.0 = Debug|x86
		{7C516F59-A4AF-45E4-B566-2C6019B30981}.Release|Any CPU.ActiveCfg = Release|x86
		{7C516F59-A4AF-45E4-B566-2C6019B30981}.Release|ARM.ActiveCfg = Release|ARM
		{7C516F59-A4AF-45E4-B566-2C6019B30981}.Release|ARM.Build.0 = Release|ARM
		{7C516F59-A4AF-45E4-B566-2C6019B30981}.Release|ARM.Deploy.0 = Release|ARM
		{7C516F59-A4AF-45E4-B566-2C6019B30981}.Release|iPhone.ActiveCfg = Release|x86
		{7C516F59-A4AF-45E4-B566-2C6019B30981}.Release|iPhoneSimulator.ActiveCfg = Release|x86
		{7C516F59-A4AF-45E4-B566-2C6019B30981}.Release|x64.ActiveCfg = Release|x64
		{7C516F59-A4AF-45E4-B566-2C6019B30981}.Release|x64.Build.0 = Release|x64
		{7C516F59-A4AF-45E4-B566-2C6019B30981}.Release|x64.Deploy.0 = Release|x64
		{7C516F59-A4AF-45E4-B566-2C6019B30981}.Release|x86.ActiveCfg = Release|x86
		{7C516F59-A4AF-45E4-B566-2C6019B30981}.Release|x86.Build.0 = Release|x86
		{7C516F59-A4AF-45E4-B566-2C6019B30981}.Release|x86.Deploy.0 = Release|x86
	EndGlobalSection
	GlobalSection(SolutionProperties) = preSolution
		HideSolutionNode = FALSE
	EndGlobalSection
EndGlobal
